// !$*UTF8*$!
{
	archiveVersion = 1;
	classes = {
	};
	objectVersion = 50;
	objects = {

/* Begin PBXBuildFile section */
		E350F5D62762523200A2F027 /* IngredientListView.swift in Sources */ = {isa = PBXBuildFile; fileRef = E350F5D52762523200A2F027 /* IngredientListView.swift */; };
		E373BECB274D8CF400B7B147 /* AppDelegate.swift in Sources */ = {isa = PBXBuildFile; fileRef = E373BECA274D8CF400B7B147 /* AppDelegate.swift */; };
		E373BECD274D8CF400B7B147 /* SceneDelegate.swift in Sources */ = {isa = PBXBuildFile; fileRef = E373BECC274D8CF400B7B147 /* SceneDelegate.swift */; };
		E373BED0274D8CF400B7B147 /* cocktail.xcdatamodeld in Sources */ = {isa = PBXBuildFile; fileRef = E373BECE274D8CF400B7B147 /* cocktail.xcdatamodeld */; };
		E373BED2274D8CF400B7B147 /* TabBarView.swift in Sources */ = {isa = PBXBuildFile; fileRef = E373BED1274D8CF400B7B147 /* TabBarView.swift */; };
		E373BED4274D8CF900B7B147 /* Assets.xcassets in Resources */ = {isa = PBXBuildFile; fileRef = E373BED3274D8CF900B7B147 /* Assets.xcassets */; };
		E373BED7274D8CF900B7B147 /* Preview Assets.xcassets in Resources */ = {isa = PBXBuildFile; fileRef = E373BED6274D8CF900B7B147 /* Preview Assets.xcassets */; };
		E373BEDA274D8CF900B7B147 /* LaunchScreen.storyboard in Resources */ = {isa = PBXBuildFile; fileRef = E373BED8274D8CF900B7B147 /* LaunchScreen.storyboard */; };
		E373BEE2274D93E800B7B147 /* SearchView.swift in Sources */ = {isa = PBXBuildFile; fileRef = E373BEE1274D93E800B7B147 /* SearchView.swift */; };
		E373BEE4274D997F00B7B147 /* FavouriteView.swift in Sources */ = {isa = PBXBuildFile; fileRef = E373BEE3274D997F00B7B147 /* FavouriteView.swift */; };
		E373BEE6274D999900B7B147 /* Top10View.swift in Sources */ = {isa = PBXBuildFile; fileRef = E373BEE5274D999900B7B147 /* Top10View.swift */; };
		E373BEE8274D99B700B7B147 /* SettingsView.swift in Sources */ = {isa = PBXBuildFile; fileRef = E373BEE7274D99B700B7B147 /* SettingsView.swift */; };
		E373BEEA274D99E000B7B147 /* RandomView.swift in Sources */ = {isa = PBXBuildFile; fileRef = E373BEE9274D99E000B7B147 /* RandomView.swift */; };
		E3A0EA7027525AC3004D6B4E /* CategoryListView.swift in Sources */ = {isa = PBXBuildFile; fileRef = E3A0EA6F27525AC3004D6B4E /* CategoryListView.swift */; };
		E3A0EA7B27525F54004D6B4E /* DrinkListView.swift in Sources */ = {isa = PBXBuildFile; fileRef = E3A0EA7A27525F54004D6B4E /* DrinkListView.swift */; };
		E3A0EA7D2752755B004D6B4E /* Drink.swift in Sources */ = {isa = PBXBuildFile; fileRef = E3A0EA7C2752755B004D6B4E /* Drink.swift */; };
		E3A0EA81275285D1004D6B4E /* ImageLoader.swift in Sources */ = {isa = PBXBuildFile; fileRef = E3A0EA80275285D1004D6B4E /* ImageLoader.swift */; };
		E3A0EA83275286FB004D6B4E /* ThumbImageView.swift in Sources */ = {isa = PBXBuildFile; fileRef = E3A0EA82275286FB004D6B4E /* ThumbImageView.swift */; };
		E3A0EA8527528831004D6B4E /* DrinkDetailsView.swift in Sources */ = {isa = PBXBuildFile; fileRef = E3A0EA8427528831004D6B4E /* DrinkDetailsView.swift */; };
		E3BAABA52752AEF3007A25F5 /* DrinkImageView.swift in Sources */ = {isa = PBXBuildFile; fileRef = E3BAABA42752AEF3007A25F5 /* DrinkImageView.swift */; };
		E3F1AF6F274FAAED00FF8981 /* GlassListView.swift in Sources */ = {isa = PBXBuildFile; fileRef = E3F1AF6E274FAAED00FF8981 /* GlassListView.swift */; };
		E3F1AF71274FADF100FF8981 /* NetworkManager.swift in Sources */ = {isa = PBXBuildFile; fileRef = E3F1AF70274FADF100FF8981 /* NetworkManager.swift */; };
		E3F2409C275416D80080E691 /* Localizable.strings in Resources */ = {isa = PBXBuildFile; fileRef = E3F2409E275416D80080E691 /* Localizable.strings */; };
/* End PBXBuildFile section */

/* Begin PBXFileReference section */
		E350F5D52762523200A2F027 /* IngredientListView.swift */ = {isa = PBXFileReference; lastKnownFileType = sourcecode.swift; path = IngredientListView.swift; sourceTree = "<group>"; };
		E373BEC7274D8CF400B7B147 /* cocktail.app */ = {isa = PBXFileReference; explicitFileType = wrapper.application; includeInIndex = 0; path = cocktail.app; sourceTree = BUILT_PRODUCTS_DIR; };
		E373BECA274D8CF400B7B147 /* AppDelegate.swift */ = {isa = PBXFileReference; lastKnownFileType = sourcecode.swift; path = AppDelegate.swift; sourceTree = "<group>"; };
		E373BECC274D8CF400B7B147 /* SceneDelegate.swift */ = {isa = PBXFileReference; lastKnownFileType = sourcecode.swift; path = SceneDelegate.swift; sourceTree = "<group>"; };
		E373BECF274D8CF400B7B147 /* cocktail.xcdatamodel */ = {isa = PBXFileReference; lastKnownFileType = wrapper.xcdatamodel; path = cocktail.xcdatamodel; sourceTree = "<group>"; };
		E373BED1274D8CF400B7B147 /* TabBarView.swift */ = {isa = PBXFileReference; lastKnownFileType = sourcecode.swift; path = TabBarView.swift; sourceTree = "<group>"; };
		E373BED3274D8CF900B7B147 /* Assets.xcassets */ = {isa = PBXFileReference; lastKnownFileType = folder.assetcatalog; path = Assets.xcassets; sourceTree = "<group>"; };
		E373BED6274D8CF900B7B147 /* Preview Assets.xcassets */ = {isa = PBXFileReference; lastKnownFileType = folder.assetcatalog; path = "Preview Assets.xcassets"; sourceTree = "<group>"; };
		E373BED9274D8CF900B7B147 /* Base */ = {isa = PBXFileReference; lastKnownFileType = file.storyboard; name = Base; path = Base.lproj/LaunchScreen.storyboard; sourceTree = "<group>"; };
		E373BEDB274D8CF900B7B147 /* Info.plist */ = {isa = PBXFileReference; lastKnownFileType = text.plist.xml; path = Info.plist; sourceTree = "<group>"; };
		E373BEE1274D93E800B7B147 /* SearchView.swift */ = {isa = PBXFileReference; lastKnownFileType = sourcecode.swift; path = SearchView.swift; sourceTree = "<group>"; };
		E373BEE3274D997F00B7B147 /* FavouriteView.swift */ = {isa = PBXFileReference; lastKnownFileType = sourcecode.swift; path = FavouriteView.swift; sourceTree = "<group>"; };
		E373BEE5274D999900B7B147 /* Top10View.swift */ = {isa = PBXFileReference; lastKnownFileType = sourcecode.swift; path = Top10View.swift; sourceTree = "<group>"; };
		E373BEE7274D99B700B7B147 /* SettingsView.swift */ = {isa = PBXFileReference; lastKnownFileType = sourcecode.swift; path = SettingsView.swift; sourceTree = "<group>"; };
		E373BEE9274D99E000B7B147 /* RandomView.swift */ = {isa = PBXFileReference; lastKnownFileType = sourcecode.swift; path = RandomView.swift; sourceTree = "<group>"; };
		E3A0EA6F27525AC3004D6B4E /* CategoryListView.swift */ = {isa = PBXFileReference; lastKnownFileType = sourcecode.swift; path = CategoryListView.swift; sourceTree = "<group>"; };
		E3A0EA7A27525F54004D6B4E /* DrinkListView.swift */ = {isa = PBXFileReference; lastKnownFileType = sourcecode.swift; path = DrinkListView.swift; sourceTree = "<group>"; };
		E3A0EA7C2752755B004D6B4E /* Drink.swift */ = {isa = PBXFileReference; lastKnownFileType = sourcecode.swift; path = Drink.swift; sourceTree = "<group>"; };
		E3A0EA80275285D1004D6B4E /* ImageLoader.swift */ = {isa = PBXFileReference; lastKnownFileType = sourcecode.swift; path = ImageLoader.swift; sourceTree = "<group>"; };
		E3A0EA82275286FB004D6B4E /* ThumbImageView.swift */ = {isa = PBXFileReference; lastKnownFileType = sourcecode.swift; path = ThumbImageView.swift; sourceTree = "<group>"; };
		E3A0EA8427528831004D6B4E /* DrinkDetailsView.swift */ = {isa = PBXFileReference; lastKnownFileType = sourcecode.swift; path = DrinkDetailsView.swift; sourceTree = "<group>"; };
		E3BAABA42752AEF3007A25F5 /* DrinkImageView.swift */ = {isa = PBXFileReference; lastKnownFileType = sourcecode.swift; path = DrinkImageView.swift; sourceTree = "<group>"; };
		E3F1AF6E274FAAED00FF8981 /* GlassListView.swift */ = {isa = PBXFileReference; lastKnownFileType = sourcecode.swift; path = GlassListView.swift; sourceTree = "<group>"; };
		E3F1AF70274FADF100FF8981 /* NetworkManager.swift */ = {isa = PBXFileReference; lastKnownFileType = sourcecode.swift; path = NetworkManager.swift; sourceTree = "<group>"; };
		E3F2409B275412BD0080E691 /* it */ = {isa = PBXFileReference; lastKnownFileType = text.plist.strings; name = it; path = it.lproj/LaunchScreen.strings; sourceTree = "<group>"; };
		E3F2409D275416D80080E691 /* en */ = {isa = PBXFileReference; lastKnownFileType = text.plist.strings; name = en; path = en.lproj/Localizable.strings; sourceTree = "<group>"; };
		E3F240A2275417760080E691 /* it */ = {isa = PBXFileReference; lastKnownFileType = text.plist.strings; name = it; path = it.lproj/Localizable.strings; sourceTree = "<group>"; };
/* End PBXFileReference section */

/* Begin PBXFrameworksBuildPhase section */
		E373BEC4274D8CF300B7B147 /* Frameworks */ = {
			isa = PBXFrameworksBuildPhase;
			buildActionMask = 2147483647;
			files = (
			);
			runOnlyForDeploymentPostprocessing = 0;
		};
/* End PBXFrameworksBuildPhase section */

/* Begin PBXGroup section */
		E373BEBE274D8CF300B7B147 = {
			isa = PBXGroup;
			children = (
				E373BEC9274D8CF400B7B147 /* cocktail */,
				E373BEC8274D8CF400B7B147 /* Products */,
			);
			sourceTree = "<group>";
		};
		E373BEC8274D8CF400B7B147 /* Products */ = {
			isa = PBXGroup;
			children = (
				E373BEC7274D8CF400B7B147 /* cocktail.app */,
			);
			name = Products;
			sourceTree = "<group>";
		};
		E373BEC9274D8CF400B7B147 /* cocktail */ = {
			isa = PBXGroup;
			children = (
				E3A0EA7827525C17004D6B4E /* Settings */,
				E3A0EA7727525C0D004D6B4E /* Favourite */,
				E3A0EA7627525C04004D6B4E /* Top10 */,
				E3A0EA7427525BED004D6B4E /* Random */,
				E3A0EA7327525BE1004D6B4E /* Search */,
				E3A0EA7227525BD3004D6B4E /* Category */,
				E3A0EA7127525BC3004D6B4E /* Glass */,
				E373BECA274D8CF400B7B147 /* AppDelegate.swift */,
				E373BECC274D8CF400B7B147 /* SceneDelegate.swift */,
				E373BED3274D8CF900B7B147 /* Assets.xcassets */,
				E373BED8274D8CF900B7B147 /* LaunchScreen.storyboard */,
				E373BEDB274D8CF900B7B147 /* Info.plist */,
				E373BECE274D8CF400B7B147 /* cocktail.xcdatamodeld */,
				E373BED5274D8CF900B7B147 /* Preview Content */,
				E373BED1274D8CF400B7B147 /* TabBarView.swift */,
				E3A0EA7C2752755B004D6B4E /* Drink.swift */,
				E3F1AF70274FADF100FF8981 /* NetworkManager.swift */,
				E3A0EA7A27525F54004D6B4E /* DrinkListView.swift */,
				E3A0EA80275285D1004D6B4E /* ImageLoader.swift */,
				E3A0EA82275286FB004D6B4E /* ThumbImageView.swift */,
				E3A0EA8427528831004D6B4E /* DrinkDetailsView.swift */,
				E3BAABA42752AEF3007A25F5 /* DrinkImageView.swift */,
				E3F2409E275416D80080E691 /* Localizable.strings */,
				E350F5D52762523200A2F027 /* IngredientListView.swift */,
			);
			path = cocktail;
			sourceTree = "<group>";
		};
		E373BED5274D8CF900B7B147 /* Preview Content */ = {
			isa = PBXGroup;
			children = (
				E373BED6274D8CF900B7B147 /* Preview Assets.xcassets */,
			);
			path = "Preview Content";
			sourceTree = "<group>";
		};
		E3A0EA7127525BC3004D6B4E /* Glass */ = {
			isa = PBXGroup;
			children = (
				E3F1AF6E274FAAED00FF8981 /* GlassListView.swift */,
			);
			path = Glass;
			sourceTree = "<group>";
		};
		E3A0EA7227525BD3004D6B4E /* Category */ = {
			isa = PBXGroup;
			children = (
				E3A0EA6F27525AC3004D6B4E /* CategoryListView.swift */,
			);
			path = Category;
			sourceTree = "<group>";
		};
		E3A0EA7327525BE1004D6B4E /* Search */ = {
			isa = PBXGroup;
			children = (
				E373BEE1274D93E800B7B147 /* SearchView.swift */,
			);
			path = Search;
			sourceTree = "<group>";
		};
		E3A0EA7427525BED004D6B4E /* Random */ = {
			isa = PBXGroup;
			children = (
				E373BEE9274D99E000B7B147 /* RandomView.swift */,
			);
			path = Random;
			sourceTree = "<group>";
		};
		E3A0EA7627525C04004D6B4E /* Top10 */ = {
			isa = PBXGroup;
			children = (
				E373BEE5274D999900B7B147 /* Top10View.swift */,
			);
			path = Top10;
			sourceTree = "<group>";
		};
		E3A0EA7727525C0D004D6B4E /* Favourite */ = {
			isa = PBXGroup;
			children = (
				E373BEE3274D997F00B7B147 /* FavouriteView.swift */,
			);
			path = Favourite;
			sourceTree = "<group>";
		};
		E3A0EA7827525C17004D6B4E /* Settings */ = {
			isa = PBXGroup;
			children = (
				E373BEE7274D99B700B7B147 /* SettingsView.swift */,
			);
			path = Settings;
			sourceTree = "<group>";
		};
/* End PBXGroup section */

/* Begin PBXNativeTarget section */
		E373BEC6274D8CF300B7B147 /* cocktail */ = {
			isa = PBXNativeTarget;
			buildConfigurationList = E373BEDE274D8CF900B7B147 /* Build configuration list for PBXNativeTarget "cocktail" */;
			buildPhases = (
				E373BEC3274D8CF300B7B147 /* Sources */,
				E373BEC4274D8CF300B7B147 /* Frameworks */,
				E373BEC5274D8CF300B7B147 /* Resources */,
			);
			buildRules = (
			);
			dependencies = (
			);
			name = cocktail;
			packageProductDependencies = (
			);
			productName = cocktail;
			productReference = E373BEC7274D8CF400B7B147 /* cocktail.app */;
			productType = "com.apple.product-type.application";
		};
/* End PBXNativeTarget section */

/* Begin PBXProject section */
		E373BEBF274D8CF300B7B147 /* Project object */ = {
			isa = PBXProject;
			attributes = {
				LastSwiftUpdateCheck = 1100;
				LastUpgradeCheck = 1100;
				ORGANIZATIONNAME = "Gabor Havasi";
				TargetAttributes = {
					E373BEC6274D8CF300B7B147 = {
						CreatedOnToolsVersion = 11.0;
					};
				};
			};
			buildConfigurationList = E373BEC2274D8CF300B7B147 /* Build configuration list for PBXProject "cocktail" */;
			compatibilityVersion = "Xcode 9.3";
			developmentRegion = en;
			hasScannedForEncodings = 0;
			knownRegions = (
				en,
				Base,
				it,
			);
			mainGroup = E373BEBE274D8CF300B7B147;
			packageReferences = (
			);
			productRefGroup = E373BEC8274D8CF400B7B147 /* Products */;
			projectDirPath = "";
			projectRoot = "";
			targets = (
				E373BEC6274D8CF300B7B147 /* cocktail */,
			);
		};
/* End PBXProject section */

/* Begin PBXResourcesBuildPhase section */
		E373BEC5274D8CF300B7B147 /* Resources */ = {
			isa = PBXResourcesBuildPhase;
			buildActionMask = 2147483647;
			files = (
				E373BEDA274D8CF900B7B147 /* LaunchScreen.storyboard in Resources */,
				E3F2409C275416D80080E691 /* Localizable.strings in Resources */,
				E373BED7274D8CF900B7B147 /* Preview Assets.xcassets in Resources */,
				E373BED4274D8CF900B7B147 /* Assets.xcassets in Resources */,
			);
			runOnlyForDeploymentPostprocessing = 0;
		};
/* End PBXResourcesBuildPhase section */

/* Begin PBXSourcesBuildPhase section */
		E373BEC3274D8CF300B7B147 /* Sources */ = {
			isa = PBXSourcesBuildPhase;
			buildActionMask = 2147483647;
			files = (
				E373BEEA274D99E000B7B147 /* RandomView.swift in Sources */,
				E373BEE2274D93E800B7B147 /* SearchView.swift in Sources */,
				E373BEE8274D99B700B7B147 /* SettingsView.swift in Sources */,
				E373BECB274D8CF400B7B147 /* AppDelegate.swift in Sources */,
				E3F1AF71274FADF100FF8981 /* NetworkManager.swift in Sources */,
				E373BECD274D8CF400B7B147 /* SceneDelegate.swift in Sources */,
				E3A0EA8527528831004D6B4E /* DrinkDetailsView.swift in Sources */,
				E373BED2274D8CF400B7B147 /* TabBarView.swift in Sources */,
				E373BEE4274D997F00B7B147 /* FavouriteView.swift in Sources */,
				E3BAABA52752AEF3007A25F5 /* DrinkImageView.swift in Sources */,
				E3F1AF6F274FAAED00FF8981 /* GlassListView.swift in Sources */,
				E373BEE6274D999900B7B147 /* Top10View.swift in Sources */,
				E3A0EA83275286FB004D6B4E /* ThumbImageView.swift in Sources */,
				E373BED0274D8CF400B7B147 /* cocktail.xcdatamodeld in Sources */,
				E3A0EA7027525AC3004D6B4E /* CategoryListView.swift in Sources */,
				E350F5D62762523200A2F027 /* IngredientListView.swift in Sources */,
				E3A0EA81275285D1004D6B4E /* ImageLoader.swift in Sources */,
				E3A0EA7B27525F54004D6B4E /* DrinkListView.swift in Sources */,
				E3A0EA7D2752755B004D6B4E /* Drink.swift in Sources */,
			);
			runOnlyForDeploymentPostprocessing = 0;
		};
/* End PBXSourcesBuildPhase section */

/* Begin PBXVariantGroup section */
		E373BED8274D8CF900B7B147 /* LaunchScreen.storyboard */ = {
			isa = PBXVariantGroup;
			children = (
				E373BED9274D8CF900B7B147 /* Base */,
				E3F2409B275412BD0080E691 /* it */,
			);
			name = LaunchScreen.storyboard;
			sourceTree = "<group>";
		};
		E3F2409E275416D80080E691 /* Localizable.strings */ = {
			isa = PBXVariantGroup;
			children = (
				E3F2409D275416D80080E691 /* en */,
				E3F240A2275417760080E691 /* it */,
			);
			name = Localizable.strings;
			sourceTree = "<group>";
		};
/* End PBXVariantGroup section */

/* Begin XCBuildConfiguration section */
		E373BEDC274D8CF900B7B147 /* Debug */ = {
			isa = XCBuildConfiguration;
			buildSettings = {
				ALWAYS_SEARCH_USER_PATHS = NO;
				CLANG_ANALYZER_LOCALIZABILITY_NONLOCALIZED = YES;
				CLANG_ANALYZER_NONNULL = YES;
				CLANG_ANALYZER_NUMBER_OBJECT_CONVERSION = YES_AGGRESSIVE;
				CLANG_CXX_LANGUAGE_STANDARD = "gnu++14";
				CLANG_CXX_LIBRARY = "libc++";
				CLANG_ENABLE_MODULES = YES;
				CLANG_ENABLE_OBJC_ARC = YES;
				CLANG_ENABLE_OBJC_WEAK = YES;
				CLANG_WARN_BLOCK_CAPTURE_AUTORELEASING = YES;
				CLANG_WARN_BOOL_CONVERSION = YES;
				CLANG_WARN_COMMA = YES;
				CLANG_WARN_CONSTANT_CONVERSION = YES;
				CLANG_WARN_DEPRECATED_OBJC_IMPLEMENTATIONS = YES;
				CLANG_WARN_DIRECT_OBJC_ISA_USAGE = YES_ERROR;
				CLANG_WARN_DOCUMENTATION_COMMENTS = YES;
				CLANG_WARN_EMPTY_BODY = YES;
				CLANG_WARN_ENUM_CONVERSION = YES;
				CLANG_WARN_INFINITE_RECURSION = YES;
				CLANG_WARN_INT_CONVERSION = YES;
				CLANG_WARN_NON_LITERAL_NULL_CONVERSION = YES;
				CLANG_WARN_OBJC_IMPLICIT_RETAIN_SELF = YES;
				CLANG_WARN_OBJC_LITERAL_CONVERSION = YES;
				CLANG_WARN_OBJC_ROOT_CLASS = YES_ERROR;
				CLANG_WARN_RANGE_LOOP_ANALYSIS = YES;
				CLANG_WARN_STRICT_PROTOTYPES = YES;
				CLANG_WARN_SUSPICIOUS_MOVE = YES;
				CLANG_WARN_UNGUARDED_AVAILABILITY = YES_AGGRESSIVE;
				CLANG_WARN_UNREACHABLE_CODE = YES;
				CLANG_WARN__DUPLICATE_METHOD_MATCH = YES;
				COPY_PHASE_STRIP = NO;
				DEBUG_INFORMATION_FORMAT = dwarf;
				ENABLE_STRICT_OBJC_MSGSEND = YES;
				ENABLE_TESTABILITY = YES;
				GCC_C_LANGUAGE_STANDARD = gnu11;
				GCC_DYNAMIC_NO_PIC = NO;
				GCC_NO_COMMON_BLOCKS = YES;
				GCC_OPTIMIZATION_LEVEL = 0;
				GCC_PREPROCESSOR_DEFINITIONS = (
					"DEBUG=1",
					"$(inherited)",
				);
				GCC_WARN_64_TO_32_BIT_CONVERSION = YES;
				GCC_WARN_ABOUT_RETURN_TYPE = YES_ERROR;
				GCC_WARN_UNDECLARED_SELECTOR = YES;
				GCC_WARN_UNINITIALIZED_AUTOS = YES_AGGRESSIVE;
				GCC_WARN_UNUSED_FUNCTION = YES;
				GCC_WARN_UNUSED_VARIABLE = YES;
				IPHONEOS_DEPLOYMENT_TARGET = 13.0;
				MTL_ENABLE_DEBUG_INFO = INCLUDE_SOURCE;
				MTL_FAST_MATH = YES;
				ONLY_ACTIVE_ARCH = YES;
				SDKROOT = iphoneos;
				SWIFT_ACTIVE_COMPILATION_CONDITIONS = DEBUG;
				SWIFT_OPTIMIZATION_LEVEL = "-Onone";
			};
			name = Debug;
		};
		E373BEDD274D8CF900B7B147 /* Release */ = {
			isa = XCBuildConfiguration;
			buildSettings = {
				ALWAYS_SEARCH_USER_PATHS = NO;
				CLANG_ANALYZER_LOCALIZABILITY_NONLOCALIZED = YES;
				CLANG_ANALYZER_NONNULL = YES;
				CLANG_ANALYZER_NUMBER_OBJECT_CONVERSION = YES_AGGRESSIVE;
				CLANG_CXX_LANGUAGE_STANDARD = "gnu++14";
				CLANG_CXX_LIBRARY = "libc++";
				CLANG_ENABLE_MODULES = YES;
				CLANG_ENABLE_OBJC_ARC = YES;
				CLANG_ENABLE_OBJC_WEAK = YES;
				CLANG_WARN_BLOCK_CAPTURE_AUTORELEASING = YES;
				CLANG_WARN_BOOL_CONVERSION = YES;
				CLANG_WARN_COMMA = YES;
				CLANG_WARN_CONSTANT_CONVERSION = YES;
				CLANG_WARN_DEPRECATED_OBJC_IMPLEMENTATIONS = YES;
				CLANG_WARN_DIRECT_OBJC_ISA_USAGE = YES_ERROR;
				CLANG_WARN_DOCUMENTATION_COMMENTS = YES;
				CLANG_WARN_EMPTY_BODY = YES;
				CLANG_WARN_ENUM_CONVERSION = YES;
				CLANG_WARN_INFINITE_RECURSION = YES;
				CLANG_WARN_INT_CONVERSION = YES;
				CLANG_WARN_NON_LITERAL_NULL_CONVERSION = YES;
				CLANG_WARN_OBJC_IMPLICIT_RETAIN_SELF = YES;
				CLANG_WARN_OBJC_LITERAL_CONVERSION = YES;
				CLANG_WARN_OBJC_ROOT_CLASS = YES_ERROR;
				CLANG_WARN_RANGE_LOOP_ANALYSIS = YES;
				CLANG_WARN_STRICT_PROTOTYPES = YES;
				CLANG_WARN_SUSPICIOUS_MOVE = YES;
				CLANG_WARN_UNGUARDED_AVAILABILITY = YES_AGGRESSIVE;
				CLANG_WARN_UNREACHABLE_CODE = YES;
				CLANG_WARN__DUPLICATE_METHOD_MATCH = YES;
				COPY_PHASE_STRIP = NO;
				DEBUG_INFORMATION_FORMAT = "dwarf-with-dsym";
				ENABLE_NS_ASSERTIONS = NO;
				ENABLE_STRICT_OBJC_MSGSEND = YES;
				GCC_C_LANGUAGE_STANDARD = gnu11;
				GCC_NO_COMMON_BLOCKS = YES;
				GCC_WARN_64_TO_32_BIT_CONVERSION = YES;
				GCC_WARN_ABOUT_RETURN_TYPE = YES_ERROR;
				GCC_WARN_UNDECLARED_SELECTOR = YES;
				GCC_WARN_UNINITIALIZED_AUTOS = YES_AGGRESSIVE;
				GCC_WARN_UNUSED_FUNCTION = YES;
				GCC_WARN_UNUSED_VARIABLE = YES;
				IPHONEOS_DEPLOYMENT_TARGET = 13.0;
				MTL_ENABLE_DEBUG_INFO = NO;
				MTL_FAST_MATH = YES;
				SDKROOT = iphoneos;
				SWIFT_COMPILATION_MODE = wholemodule;
				SWIFT_OPTIMIZATION_LEVEL = "-O";
				VALIDATE_PRODUCT = YES;
			};
			name = Release;
		};
		E373BEDF274D8CF900B7B147 /* Debug */ = {
			isa = XCBuildConfiguration;
			buildSettings = {
				ASSETCATALOG_COMPILER_APPICON_NAME = AppIcon;
				CODE_SIGN_STYLE = Automatic;
				DEVELOPMENT_ASSET_PATHS = "\"cocktail/Preview Content\"";
				DEVELOPMENT_TEAM = 376DNFPR46;
				ENABLE_PREVIEWS = YES;
				INFOPLIST_FILE = cocktail/Info.plist;
				LD_RUNPATH_SEARCH_PATHS = (
					"$(inherited)",
					"@executable_path/Frameworks",
				);
				PRODUCT_BUNDLE_IDENTIFIER = hu.havasig.cocktail;
				PRODUCT_NAME = "$(TARGET_NAME)";
				SWIFT_VERSION = 5.0;
				TARGETED_DEVICE_FAMILY = "1,2";
			};
			name = Debug;
		};
		E373BEE0274D8CF900B7B147 /* Release */ = {
			isa = XCBuildConfiguration;
			buildSettings = {
				ASSETCATALOG_COMPILER_APPICON_NAME = AppIcon;
				CODE_SIGN_STYLE = Automatic;
				DEVELOPMENT_ASSET_PATHS = "\"cocktail/Preview Content\"";
				DEVELOPMENT_TEAM = 376DNFPR46;
				ENABLE_PREVIEWS = YES;
				INFOPLIST_FILE = cocktail/Info.plist;
				LD_RUNPATH_SEARCH_PATHS = (
					"$(inherited)",
					"@executable_path/Frameworks",
				);
				PRODUCT_BUNDLE_IDENTIFIER = hu.havasig.cocktail;
				PRODUCT_NAME = "$(TARGET_NAME)";
				SWIFT_VERSION = 5.0;
				TARGETED_DEVICE_FAMILY = "1,2";
			};
			name = Release;
		};
/* End XCBuildConfiguration section */

/* Begin XCConfigurationList section */
		E373BEC2274D8CF300B7B147 /* Build configuration list for PBXProject "cocktail" */ = {
			isa = XCConfigurationList;
			buildConfigurations = (
				E373BEDC274D8CF900B7B147 /* Debug */,
				E373BEDD274D8CF900B7B147 /* Release */,
			);
			defaultConfigurationIsVisible = 0;
			defaultConfigurationName = Release;
		};
		E373BEDE274D8CF900B7B147 /* Build configuration list for PBXNativeTarget "cocktail" */ = {
			isa = XCConfigurationList;
			buildConfigurations = (
				E373BEDF274D8CF900B7B147 /* Debug */,
				E373BEE0274D8CF900B7B147 /* Release */,
			);
			defaultConfigurationIsVisible = 0;
			defaultConfigurationName = Release;
		};
/* End XCConfigurationList section */

/* Begin XCVersionGroup section */
		E373BECE274D8CF400B7B147 /* cocktail.xcdatamodeld */ = {
			isa = XCVersionGroup;
			children = (
				E373BECF274D8CF400B7B147 /* cocktail.xcdatamodel */,
			);
			currentVersion = E373BECF274D8CF400B7B147 /* cocktail.xcdatamodel */;
			path = cocktail.xcdatamodeld;
			sourceTree = "<group>";
			versionGroupType = wrapper.xcdatamodel;
		};
/* End XCVersionGroup section */
	};
	rootObject = E373BEBF274D8CF300B7B147 /* Project object */;
}
